
Microsoft Visual Studio Solution File, Format Version 12.00
# Visual Studio Version 17
VisualStudioVersion = 17.5.33530.505
MinimumVisualStudioVersion = 10.0.40219.1
Project("{2150E333-8FDC-42A3-9474-1A3956D46DE8}") = "Src", "Src", "{A609305B-32C3-4882-BBF6-92AEB2E6EF91}"
EndProject
Project("{9A19103F-16F7-4668-BE54-9A1E7A4F7556}") = "RiceMill.Domain", "RiceMill.Domain\RiceMill.Domain.csproj", "{3F995A3C-7BE4-4658-B65A-BCD853EC4CAA}"
EndProject
Project("{2150E333-8FDC-42A3-9474-1A3956D46DE8}") = "Share", "Share", "{9E94E673-8E7A-48B9-BB3C-AE2B4982CB82}"
EndProject
Project("{9A19103F-16F7-4668-BE54-9A1E7A4F7556}") = "Shared", "RiceMill.Share\Shared.csproj", "{D1A66266-E74A-4139-AA79-CAB876EDBA24}"
EndProject
Project("{9A19103F-16F7-4668-BE54-9A1E7A4F7556}") = "RiceMill.Application", "RiceMill.Application\RiceMill.Application.csproj", "{3AB83EEF-325A-4F34-89CD-385406F3EB09}"
EndProject
Project("{2150E333-8FDC-42A3-9474-1A3956D46DE8}") = "Test", "Test", "{FAE02B00-3563-475D-AED1-A81A9E0ED875}"
EndProject
Project("{9A19103F-16F7-4668-BE54-9A1E7A4F7556}") = "RiceMill.Infrastructure", "RiceMill.Infrastructure\RiceMill.Infrastructure.csproj", "{015A2B20-4722-4A95-9FF2-F93E48B94A66}"
EndProject
Project("{9A19103F-16F7-4668-BE54-9A1E7A4F7556}") = "RiceMill.Persistence", "RiceMill.Persistence\RiceMill.Persistence.csproj", "{D0CA7F41-7C35-4182-9FB6-1FB42260FA4C}"
EndProject
Project("{2150E333-8FDC-42A3-9474-1A3956D46DE8}") = "Presentation", "Presentation", "{C60C298B-2F6A-4842-B20E-57EC2C6B709E}"
EndProject
Project("{9A19103F-16F7-4668-BE54-9A1E7A4F7556}") = "RiceMill.Api", "RiceMill.Api\RiceMill.Api.csproj", "{552E81F9-6405-416A-8D87-3F159E56AA1C}"
EndProject
Project("{9A19103F-16F7-4668-BE54-9A1E7A4F7556}") = "RiceMill.Ui", "RiceMill.Ui\RiceMill.Ui.csproj", "{32A2A5E8-2CBE-44FE-AE71-9BF10A946B0B}"
EndProject
Project("{FAE04EC0-301F-11D3-BF4B-00C04F79EFBC}") = "Tools", "RiceMill.Tools\Tools\Tools.csproj", "{CBAAE151-ED28-4F57-A2CA-2FA5E0EEC3DD}"
EndProject
Global
	GlobalSection(SolutionConfigurationPlatforms) = preSolution
		Debug|Any CPU = Debug|Any CPU
		Release|Any CPU = Release|Any CPU
	EndGlobalSection
	GlobalSection(ProjectConfigurationPlatforms) = postSolution
		{3F995A3C-7BE4-4658-B65A-BCD853EC4CAA}.Debug|Any CPU.ActiveCfg = Debug|Any CPU
		{3F995A3C-7BE4-4658-B65A-BCD853EC4CAA}.Debug|Any CPU.Build.0 = Debug|Any CPU
		{3F995A3C-7BE4-4658-B65A-BCD853EC4CAA}.Release|Any CPU.ActiveCfg = Release|Any CPU
		{3F995A3C-7BE4-4658-B65A-BCD853EC4CAA}.Release|Any CPU.Build.0 = Release|Any CPU
		{D1A66266-E74A-4139-AA79-CAB876EDBA24}.Debug|Any CPU.ActiveCfg = Debug|Any CPU
		{D1A66266-E74A-4139-AA79-CAB876EDBA24}.Debug|Any CPU.Build.0 = Debug|Any CPU
		{D1A66266-E74A-4139-AA79-CAB876EDBA24}.Release|Any CPU.ActiveCfg = Release|Any CPU
		{D1A66266-E74A-4139-AA79-CAB876EDBA24}.Release|Any CPU.Build.0 = Release|Any CPU
		{3AB83EEF-325A-4F34-89CD-385406F3EB09}.Debug|Any CPU.ActiveCfg = Debug|Any CPU
		{3AB83EEF-325A-4F34-89CD-385406F3EB09}.Debug|Any CPU.Build.0 = Debug|Any CPU
		{3AB83EEF-325A-4F34-89CD-385406F3EB09}.Release|Any CPU.ActiveCfg = Release|Any CPU
		{3AB83EEF-325A-4F34-89CD-385406F3EB09}.Release|Any CPU.Build.0 = Release|Any CPU
		{015A2B20-4722-4A95-9FF2-F93E48B94A66}.Debug|Any CPU.ActiveCfg = Debug|Any CPU
		{015A2B20-4722-4A95-9FF2-F93E48B94A66}.Debug|Any CPU.Build.0 = Debug|Any CPU
		{015A2B20-4722-4A95-9FF2-F93E48B94A66}.Release|Any CPU.ActiveCfg = Release|Any CPU
		{015A2B20-4722-4A95-9FF2-F93E48B94A66}.Release|Any CPU.Build.0 = Release|Any CPU
		{D0CA7F41-7C35-4182-9FB6-1FB42260FA4C}.Debug|Any CPU.ActiveCfg = Debug|Any CPU
		{D0CA7F41-7C35-4182-9FB6-1FB42260FA4C}.Debug|Any CPU.Build.0 = Debug|Any CPU
		{D0CA7F41-7C35-4182-9FB6-1FB42260FA4C}.Release|Any CPU.ActiveCfg = Release|Any CPU
		{D0CA7F41-7C35-4182-9FB6-1FB42260FA4C}.Release|Any CPU.Build.0 = Release|Any CPU
		{552E81F9-6405-416A-8D87-3F159E56AA1C}.Debug|Any CPU.ActiveCfg = Debug|Any CPU
		{552E81F9-6405-416A-8D87-3F159E56AA1C}.Debug|Any CPU.Build.0 = Debug|Any CPU
		{552E81F9-6405-416A-8D87-3F159E56AA1C}.Release|Any CPU.ActiveCfg = Release|Any CPU
		{552E81F9-6405-416A-8D87-3F159E56AA1C}.Release|Any CPU.Build.0 = Release|Any CPU
		{32A2A5E8-2CBE-44FE-AE71-9BF10A946B0B}.Debug|Any CPU.ActiveCfg = Debug|Any CPU
		{32A2A5E8-2CBE-44FE-AE71-9BF10A946B0B}.Debug|Any CPU.Build.0 = Debug|Any CPU
		{32A2A5E8-2CBE-44FE-AE71-9BF10A946B0B}.Debug|Any CPU.Deploy.0 = Debug|Any CPU
		{32A2A5E8-2CBE-44FE-AE71-9BF10A946B0B}.Release|Any CPU.ActiveCfg = Release|Any CPU
		{32A2A5E8-2CBE-44FE-AE71-9BF10A946B0B}.Release|Any CPU.Build.0 = Release|Any CPU
		{CBAAE151-ED28-4F57-A2CA-2FA5E0EEC3DD}.Debug|Any CPU.ActiveCfg = Debug|Any CPU
		{CBAAE151-ED28-4F57-A2CA-2FA5E0EEC3DD}.Debug|Any CPU.Build.0 = Debug|Any CPU
		{CBAAE151-ED28-4F57-A2CA-2FA5E0EEC3DD}.Release|Any CPU.ActiveCfg = Release|Any CPU
		{CBAAE151-ED28-4F57-A2CA-2FA5E0EEC3DD}.Release|Any CPU.Build.0 = Release|Any CPU
	EndGlobalSection
	GlobalSection(SolutionProperties) = preSolution
		HideSolutionNode = FALSE
	EndGlobalSection
	GlobalSection(NestedProjects) = preSolution
		{3F995A3C-7BE4-4658-B65A-BCD853EC4CAA} = {A609305B-32C3-4882-BBF6-92AEB2E6EF91}
		{D1A66266-E74A-4139-AA79-CAB876EDBA24} = {9E94E673-8E7A-48B9-BB3C-AE2B4982CB82}
		{3AB83EEF-325A-4F34-89CD-385406F3EB09} = {A609305B-32C3-4882-BBF6-92AEB2E6EF91}
		{015A2B20-4722-4A95-9FF2-F93E48B94A66} = {A609305B-32C3-4882-BBF6-92AEB2E6EF91}
		{D0CA7F41-7C35-4182-9FB6-1FB42260FA4C} = {A609305B-32C3-4882-BBF6-92AEB2E6EF91}
		{C60C298B-2F6A-4842-B20E-57EC2C6B709E} = {A609305B-32C3-4882-BBF6-92AEB2E6EF91}
		{552E81F9-6405-416A-8D87-3F159E56AA1C} = {C60C298B-2F6A-4842-B20E-57EC2C6B709E}
		{32A2A5E8-2CBE-44FE-AE71-9BF10A946B0B} = {C60C298B-2F6A-4842-B20E-57EC2C6B709E}
		{CBAAE151-ED28-4F57-A2CA-2FA5E0EEC3DD} = {9E94E673-8E7A-48B9-BB3C-AE2B4982CB82}
	EndGlobalSection
	GlobalSection(ExtensibilityGlobals) = postSolution
		SolutionGuid = {9D9D5B6B-CA5B-45F1-9197-274484788683}
	EndGlobalSection
EndGlobal
